// !$*UTF8*$!
{
	archiveVersion = 1;
	classes = {
	};
	objectVersion = 46;
	objects = {

/* Begin PBXBuildFile section */
		1E16B1271ED3B31100072497 /* QRCodeDecoder.swift in Sources */ = {isa = PBXBuildFile; fileRef = 1E16B1261ED3B31100072497 /* QRCodeDecoder.swift */; };
		1E56333F1ED246E300A210BF /* UIApplication+statusBar.swift in Sources */ = {isa = PBXBuildFile; fileRef = 1E56333E1ED246E300A210BF /* UIApplication+statusBar.swift */; };
		4225DE021ECA14A900CDF91C /* QRCodeCaptureViewController.swift in Sources */ = {isa = PBXBuildFile; fileRef = 4225DE011ECA14A900CDF91C /* QRCodeCaptureViewController.swift */; };
		42BEC7861EC0DB040042179D /* AppDelegate.swift in Sources */ = {isa = PBXBuildFile; fileRef = 42BEC7851EC0DB040042179D /* AppDelegate.swift */; };
		42BEC7881EC0DB040042179D /* WebAppViewController.swift in Sources */ = {isa = PBXBuildFile; fileRef = 42BEC7871EC0DB040042179D /* WebAppViewController.swift */; };
		42BEC78B1EC0DB040042179D /* Main.storyboard in Resources */ = {isa = PBXBuildFile; fileRef = 42BEC7891EC0DB040042179D /* Main.storyboard */; };
		42BEC78D1EC0DB040042179D /* Assets.xcassets in Resources */ = {isa = PBXBuildFile; fileRef = 42BEC78C1EC0DB040042179D /* Assets.xcassets */; };
		42BEC7901EC0DB040042179D /* LaunchScreen.storyboard in Resources */ = {isa = PBXBuildFile; fileRef = 42BEC78E1EC0DB040042179D /* LaunchScreen.storyboard */; };
		42BEC79B1EC0DB040042179D /* EcotoneTests.swift in Sources */ = {isa = PBXBuildFile; fileRef = 42BEC79A1EC0DB040042179D /* EcotoneTests.swift */; };
		42BEC7A61EC0DB040042179D /* EcotoneUITests.swift in Sources */ = {isa = PBXBuildFile; fileRef = 42BEC7A51EC0DB040042179D /* EcotoneUITests.swift */; };
/* End PBXBuildFile section */

/* Begin PBXContainerItemProxy section */
		42BEC7971EC0DB040042179D /* PBXContainerItemProxy */ = {
			isa = PBXContainerItemProxy;
			containerPortal = 42BEC77A1EC0DB040042179D /* Project object */;
			proxyType = 1;
			remoteGlobalIDString = 42BEC7811EC0DB040042179D;
			remoteInfo = Ecotone;
		};
		42BEC7A21EC0DB040042179D /* PBXContainerItemProxy */ = {
			isa = PBXContainerItemProxy;
			containerPortal = 42BEC77A1EC0DB040042179D /* Project object */;
			proxyType = 1;
			remoteGlobalIDString = 42BEC7811EC0DB040042179D;
			remoteInfo = Ecotone;
		};
/* End PBXContainerItemProxy section */

/* Begin PBXFileReference section */
		1E16B1261ED3B31100072497 /* QRCodeDecoder.swift */ = {isa = PBXFileReference; fileEncoding = 4; lastKnownFileType = sourcecode.swift; path = QRCodeDecoder.swift; sourceTree = "<group>"; };
		1E56333E1ED246E300A210BF /* UIApplication+statusBar.swift */ = {isa = PBXFileReference; fileEncoding = 4; lastKnownFileType = sourcecode.swift; path = "UIApplication+statusBar.swift"; sourceTree = "<group>"; };
		4225DE011ECA14A900CDF91C /* QRCodeCaptureViewController.swift */ = {isa = PBXFileReference; fileEncoding = 4; lastKnownFileType = sourcecode.swift; path = QRCodeCaptureViewController.swift; sourceTree = "<group>"; };
		42BEC7821EC0DB040042179D /* Ecotone.app */ = {isa = PBXFileReference; explicitFileType = wrapper.application; includeInIndex = 0; path = Ecotone.app; sourceTree = BUILT_PRODUCTS_DIR; };
		42BEC7851EC0DB040042179D /* AppDelegate.swift */ = {isa = PBXFileReference; lastKnownFileType = sourcecode.swift; path = AppDelegate.swift; sourceTree = "<group>"; };
		42BEC7871EC0DB040042179D /* WebAppViewController.swift */ = {isa = PBXFileReference; lastKnownFileType = sourcecode.swift; path = WebAppViewController.swift; sourceTree = "<group>"; };
		42BEC78A1EC0DB040042179D /* Base */ = {isa = PBXFileReference; lastKnownFileType = file.storyboard; name = Base; path = Base.lproj/Main.storyboard; sourceTree = "<group>"; };
		42BEC78C1EC0DB040042179D /* Assets.xcassets */ = {isa = PBXFileReference; lastKnownFileType = folder.assetcatalog; path = Assets.xcassets; sourceTree = "<group>"; };
		42BEC78F1EC0DB040042179D /* Base */ = {isa = PBXFileReference; lastKnownFileType = file.storyboard; name = Base; path = Base.lproj/LaunchScreen.storyboard; sourceTree = "<group>"; };
		42BEC7911EC0DB040042179D /* Info.plist */ = {isa = PBXFileReference; lastKnownFileType = text.plist.xml; path = Info.plist; sourceTree = "<group>"; };
		42BEC7961EC0DB040042179D /* EcotoneTests.xctest */ = {isa = PBXFileReference; explicitFileType = wrapper.cfbundle; includeInIndex = 0; path = EcotoneTests.xctest; sourceTree = BUILT_PRODUCTS_DIR; };
		42BEC79A1EC0DB040042179D /* EcotoneTests.swift */ = {isa = PBXFileReference; lastKnownFileType = sourcecode.swift; path = EcotoneTests.swift; sourceTree = "<group>"; };
		42BEC79C1EC0DB040042179D /* Info.plist */ = {isa = PBXFileReference; lastKnownFileType = text.plist.xml; path = Info.plist; sourceTree = "<group>"; };
		42BEC7A11EC0DB040042179D /* EcotoneUITests.xctest */ = {isa = PBXFileReference; explicitFileType = wrapper.cfbundle; includeInIndex = 0; path = EcotoneUITests.xctest; sourceTree = BUILT_PRODUCTS_DIR; };
		42BEC7A51EC0DB040042179D /* EcotoneUITests.swift */ = {isa = PBXFileReference; lastKnownFileType = sourcecode.swift; path = EcotoneUITests.swift; sourceTree = "<group>"; };
		42BEC7A71EC0DB040042179D /* Info.plist */ = {isa = PBXFileReference; lastKnownFileType = text.plist.xml; path = Info.plist; sourceTree = "<group>"; };
/* End PBXFileReference section */

/* Begin PBXFrameworksBuildPhase section */
		42BEC77F1EC0DB040042179D /* Frameworks */ = {
			isa = PBXFrameworksBuildPhase;
			buildActionMask = 2147483647;
			files = (
			);
			runOnlyForDeploymentPostprocessing = 0;
		};
		42BEC7931EC0DB040042179D /* Frameworks */ = {
			isa = PBXFrameworksBuildPhase;
			buildActionMask = 2147483647;
			files = (
			);
			runOnlyForDeploymentPostprocessing = 0;
		};
		42BEC79E1EC0DB040042179D /* Frameworks */ = {
			isa = PBXFrameworksBuildPhase;
			buildActionMask = 2147483647;
			files = (
			);
			runOnlyForDeploymentPostprocessing = 0;
		};
/* End PBXFrameworksBuildPhase section */

/* Begin PBXGroup section */
		42BEC7791EC0DB040042179D = {
			isa = PBXGroup;
			children = (
				42BEC7841EC0DB040042179D /* Ecotone */,
				42BEC7991EC0DB040042179D /* EcotoneTests */,
				42BEC7A41EC0DB040042179D /* EcotoneUITests */,
				42BEC7831EC0DB040042179D /* Products */,
			);
			sourceTree = "<group>";
		};
		42BEC7831EC0DB040042179D /* Products */ = {
			isa = PBXGroup;
			children = (
				42BEC7821EC0DB040042179D /* Ecotone.app */,
				42BEC7961EC0DB040042179D /* EcotoneTests.xctest */,
				42BEC7A11EC0DB040042179D /* EcotoneUITests.xctest */,
			);
			name = Products;
			sourceTree = "<group>";
		};
		42BEC7841EC0DB040042179D /* Ecotone */ = {
			isa = PBXGroup;
			children = (
				42BEC7851EC0DB040042179D /* AppDelegate.swift */,
				1E56333E1ED246E300A210BF /* UIApplication+statusBar.swift */,
				42BEC7871EC0DB040042179D /* WebAppViewController.swift */,
				4225DE011ECA14A900CDF91C /* QRCodeCaptureViewController.swift */,
				1E16B1261ED3B31100072497 /* QRCodeDecoder.swift */,
				42BEC7891EC0DB040042179D /* Main.storyboard */,
				42BEC78C1EC0DB040042179D /* Assets.xcassets */,
				42BEC78E1EC0DB040042179D /* LaunchScreen.storyboard */,
				42BEC7911EC0DB040042179D /* Info.plist */,
			);
			path = Ecotone;
			sourceTree = "<group>";
		};
		42BEC7991EC0DB040042179D /* EcotoneTests */ = {
			isa = PBXGroup;
			children = (
				42BEC79A1EC0DB040042179D /* EcotoneTests.swift */,
				42BEC79C1EC0DB040042179D /* Info.plist */,
			);
			path = EcotoneTests;
			sourceTree = "<group>";
		};
		42BEC7A41EC0DB040042179D /* EcotoneUITests */ = {
			isa = PBXGroup;
			children = (
				42BEC7A51EC0DB040042179D /* EcotoneUITests.swift */,
				42BEC7A71EC0DB040042179D /* Info.plist */,
			);
			path = EcotoneUITests;
			sourceTree = "<group>";
		};
/* End PBXGroup section */

/* Begin PBXNativeTarget section */
		42BEC7811EC0DB040042179D /* Ecotone */ = {
			isa = PBXNativeTarget;
			buildConfigurationList = 42BEC7AA1EC0DB040042179D /* Build configuration list for PBXNativeTarget "Ecotone" */;
			buildPhases = (
				42BEC77E1EC0DB040042179D /* Sources */,
				42BEC77F1EC0DB040042179D /* Frameworks */,
				42BEC7801EC0DB040042179D /* Resources */,
			);
			buildRules = (
			);
			dependencies = (
			);
			name = Ecotone;
			productName = Ecotone;
			productReference = 42BEC7821EC0DB040042179D /* Ecotone.app */;
			productType = "com.apple.product-type.application";
		};
		42BEC7951EC0DB040042179D /* EcotoneTests */ = {
			isa = PBXNativeTarget;
			buildConfigurationList = 42BEC7AD1EC0DB040042179D /* Build configuration list for PBXNativeTarget "EcotoneTests" */;
			buildPhases = (
				42BEC7921EC0DB040042179D /* Sources */,
				42BEC7931EC0DB040042179D /* Frameworks */,
				42BEC7941EC0DB040042179D /* Resources */,
			);
			buildRules = (
			);
			dependencies = (
				42BEC7981EC0DB040042179D /* PBXTargetDependency */,
			);
			name = EcotoneTests;
			productName = EcotoneTests;
			productReference = 42BEC7961EC0DB040042179D /* EcotoneTests.xctest */;
			productType = "com.apple.product-type.bundle.unit-test";
		};
		42BEC7A01EC0DB040042179D /* EcotoneUITests */ = {
			isa = PBXNativeTarget;
			buildConfigurationList = 42BEC7B01EC0DB040042179D /* Build configuration list for PBXNativeTarget "EcotoneUITests" */;
			buildPhases = (
				42BEC79D1EC0DB040042179D /* Sources */,
				42BEC79E1EC0DB040042179D /* Frameworks */,
				42BEC79F1EC0DB040042179D /* Resources */,
			);
			buildRules = (
			);
			dependencies = (
				42BEC7A31EC0DB040042179D /* PBXTargetDependency */,
			);
			name = EcotoneUITests;
			productName = EcotoneUITests;
			productReference = 42BEC7A11EC0DB040042179D /* EcotoneUITests.xctest */;
			productType = "com.apple.product-type.bundle.ui-testing";
		};
/* End PBXNativeTarget section */

/* Begin PBXProject section */
		42BEC77A1EC0DB040042179D /* Project object */ = {
			isa = PBXProject;
			attributes = {
				LastSwiftUpdateCheck = 0830;
				LastUpgradeCheck = 0920;
				ORGANIZATIONNAME = "OSU Cascades";
				TargetAttributes = {
					42BEC7811EC0DB040042179D = {
						CreatedOnToolsVersion = 8.3.2;
						DevelopmentTeam = 3B5FYTC29L;
						LastSwiftMigration = 0920;
						ProvisioningStyle = Automatic;
					};
					42BEC7951EC0DB040042179D = {
						CreatedOnToolsVersion = 8.3.2;
						LastSwiftMigration = 0920;
						ProvisioningStyle = Automatic;
						TestTargetID = 42BEC7811EC0DB040042179D;
					};
					42BEC7A01EC0DB040042179D = {
						CreatedOnToolsVersion = 8.3.2;
						LastSwiftMigration = 0920;
						ProvisioningStyle = Automatic;
						TestTargetID = 42BEC7811EC0DB040042179D;
					};
				};
			};
			buildConfigurationList = 42BEC77D1EC0DB040042179D /* Build configuration list for PBXProject "Ecotone" */;
			compatibilityVersion = "Xcode 3.2";
			developmentRegion = English;
			hasScannedForEncodings = 0;
			knownRegions = (
				en,
				Base,
			);
			mainGroup = 42BEC7791EC0DB040042179D;
			productRefGroup = 42BEC7831EC0DB040042179D /* Products */;
			projectDirPath = "";
			projectRoot = "";
			targets = (
				42BEC7811EC0DB040042179D /* Ecotone */,
				42BEC7951EC0DB040042179D /* EcotoneTests */,
				42BEC7A01EC0DB040042179D /* EcotoneUITests */,
			);
		};
/* End PBXProject section */

/* Begin PBXResourcesBuildPhase section */
		42BEC7801EC0DB040042179D /* Resources */ = {
			isa = PBXResourcesBuildPhase;
			buildActionMask = 2147483647;
			files = (
				42BEC7901EC0DB040042179D /* LaunchScreen.storyboard in Resources */,
				42BEC78D1EC0DB040042179D /* Assets.xcassets in Resources */,
				42BEC78B1EC0DB040042179D /* Main.storyboard in Resources */,
			);
			runOnlyForDeploymentPostprocessing = 0;
		};
		42BEC7941EC0DB040042179D /* Resources */ = {
			isa = PBXResourcesBuildPhase;
			buildActionMask = 2147483647;
			files = (
			);
			runOnlyForDeploymentPostprocessing = 0;
		};
		42BEC79F1EC0DB040042179D /* Resources */ = {
			isa = PBXResourcesBuildPhase;
			buildActionMask = 2147483647;
			files = (
			);
			runOnlyForDeploymentPostprocessing = 0;
		};
/* End PBXResourcesBuildPhase section */

/* Begin PBXSourcesBuildPhase section */
		42BEC77E1EC0DB040042179D /* Sources */ = {
			isa = PBXSourcesBuildPhase;
			buildActionMask = 2147483647;
			files = (
				1E16B1271ED3B31100072497 /* QRCodeDecoder.swift in Sources */,
				1E56333F1ED246E300A210BF /* UIApplication+statusBar.swift in Sources */,
				4225DE021ECA14A900CDF91C /* QRCodeCaptureViewController.swift in Sources */,
				42BEC7881EC0DB040042179D /* WebAppViewController.swift in Sources */,
				42BEC7861EC0DB040042179D /* AppDelegate.swift in Sources */,
			);
			runOnlyForDeploymentPostprocessing = 0;
		};
		42BEC7921EC0DB040042179D /* Sources */ = {
			isa = PBXSourcesBuildPhase;
			buildActionMask = 2147483647;
			files = (
				42BEC79B1EC0DB040042179D /* EcotoneTests.swift in Sources */,
			);
			runOnlyForDeploymentPostprocessing = 0;
		};
		42BEC79D1EC0DB040042179D /* Sources */ = {
			isa = PBXSourcesBuildPhase;
			buildActionMask = 2147483647;
			files = (
				42BEC7A61EC0DB040042179D /* EcotoneUITests.swift in Sources */,
			);
			runOnlyForDeploymentPostprocessing = 0;
		};
/* End PBXSourcesBuildPhase section */

/* Begin PBXTargetDependency section */
		42BEC7981EC0DB040042179D /* PBXTargetDependency */ = {
			isa = PBXTargetDependency;
			target = 42BEC7811EC0DB040042179D /* Ecotone */;
			targetProxy = 42BEC7971EC0DB040042179D /* PBXContainerItemProxy */;
		};
		42BEC7A31EC0DB040042179D /* PBXTargetDependency */ = {
			isa = PBXTargetDependency;
			target = 42BEC7811EC0DB040042179D /* Ecotone */;
			targetProxy = 42BEC7A21EC0DB040042179D /* PBXContainerItemProxy */;
		};
/* End PBXTargetDependency section */

/* Begin PBXVariantGroup section */
		42BEC7891EC0DB040042179D /* Main.storyboard */ = {
			isa = PBXVariantGroup;
			children = (
				42BEC78A1EC0DB040042179D /* Base */,
			);
			name = Main.storyboard;
			sourceTree = "<group>";
		};
		42BEC78E1EC0DB040042179D /* LaunchScreen.storyboard */ = {
			isa = PBXVariantGroup;
			children = (
				42BEC78F1EC0DB040042179D /* Base */,
			);
			name = LaunchScreen.storyboard;
			sourceTree = "<group>";
		};
/* End PBXVariantGroup section */

/* Begin XCBuildConfiguration section */
		42BEC7A81EC0DB040042179D /* Debug */ = {
			isa = XCBuildConfiguration;
			buildSettings = {
				ALWAYS_SEARCH_USER_PATHS = NO;
				CLANG_ANALYZER_NONNULL = YES;
				CLANG_ANALYZER_NUMBER_OBJECT_CONVERSION = YES_AGGRESSIVE;
				CLANG_CXX_LANGUAGE_STANDARD = "gnu++0x";
				CLANG_CXX_LIBRARY = "libc++";
				CLANG_ENABLE_MODULES = YES;
				CLANG_ENABLE_OBJC_ARC = YES;
				CLANG_WARN_BLOCK_CAPTURE_AUTORELEASING = YES;
				CLANG_WARN_BOOL_CONVERSION = YES;
				CLANG_WARN_COMMA = YES;
				CLANG_WARN_CONSTANT_CONVERSION = YES;
				CLANG_WARN_DIRECT_OBJC_ISA_USAGE = YES_ERROR;
				CLANG_WARN_DOCUMENTATION_COMMENTS = YES;
				CLANG_WARN_EMPTY_BODY = YES;
				CLANG_WARN_ENUM_CONVERSION = YES;
				CLANG_WARN_INFINITE_RECURSION = YES;
				CLANG_WARN_INT_CONVERSION = YES;
				CLANG_WARN_NON_LITERAL_NULL_CONVERSION = YES;
				CLANG_WARN_OBJC_LITERAL_CONVERSION = YES;
				CLANG_WARN_OBJC_ROOT_CLASS = YES_ERROR;
				CLANG_WARN_RANGE_LOOP_ANALYSIS = YES;
				CLANG_WARN_STRICT_PROTOTYPES = YES;
				CLANG_WARN_SUSPICIOUS_MOVE = YES;
				CLANG_WARN_UNREACHABLE_CODE = YES;
				CLANG_WARN__DUPLICATE_METHOD_MATCH = YES;
				"CODE_SIGN_IDENTITY[sdk=iphoneos*]" = "iPhone Developer";
				COPY_PHASE_STRIP = NO;
				DEBUG_INFORMATION_FORMAT = dwarf;
				ENABLE_STRICT_OBJC_MSGSEND = YES;
				ENABLE_TESTABILITY = YES;
				GCC_C_LANGUAGE_STANDARD = gnu99;
				GCC_DYNAMIC_NO_PIC = NO;
				GCC_NO_COMMON_BLOCKS = YES;
				GCC_OPTIMIZATION_LEVEL = 0;
				GCC_PREPROCESSOR_DEFINITIONS = (
					"DEBUG=1",
					"$(inherited)",
				);
				GCC_WARN_64_TO_32_BIT_CONVERSION = YES;
				GCC_WARN_ABOUT_RETURN_TYPE = YES_ERROR;
				GCC_WARN_UNDECLARED_SELECTOR = YES;
				GCC_WARN_UNINITIALIZED_AUTOS = YES_AGGRESSIVE;
				GCC_WARN_UNUSED_FUNCTION = YES;
				GCC_WARN_UNUSED_VARIABLE = YES;
				IPHONEOS_DEPLOYMENT_TARGET = 10.3;
				MTL_ENABLE_DEBUG_INFO = YES;
				ONLY_ACTIVE_ARCH = YES;
				SDKROOT = iphoneos;
				SWIFT_ACTIVE_COMPILATION_CONDITIONS = DEBUG;
				SWIFT_OPTIMIZATION_LEVEL = "-Onone";
				TARGETED_DEVICE_FAMILY = "1,2";
			};
			name = Debug;
		};
		42BEC7A91EC0DB040042179D /* Release */ = {
			isa = XCBuildConfiguration;
			buildSettings = {
				ALWAYS_SEARCH_USER_PATHS = NO;
				CLANG_ANALYZER_NONNULL = YES;
				CLANG_ANALYZER_NUMBER_OBJECT_CONVERSION = YES_AGGRESSIVE;
				CLANG_CXX_LANGUAGE_STANDARD = "gnu++0x";
				CLANG_CXX_LIBRARY = "libc++";
				CLANG_ENABLE_MODULES = YES;
				CLANG_ENABLE_OBJC_ARC = YES;
				CLANG_WARN_BLOCK_CAPTURE_AUTORELEASING = YES;
				CLANG_WARN_BOOL_CONVERSION = YES;
				CLANG_WARN_COMMA = YES;
				CLANG_WARN_CONSTANT_CONVERSION = YES;
				CLANG_WARN_DIRECT_OBJC_ISA_USAGE = YES_ERROR;
				CLANG_WARN_DOCUMENTATION_COMMENTS = YES;
				CLANG_WARN_EMPTY_BODY = YES;
				CLANG_WARN_ENUM_CONVERSION = YES;
				CLANG_WARN_INFINITE_RECURSION = YES;
				CLANG_WARN_INT_CONVERSION = YES;
				CLANG_WARN_NON_LITERAL_NULL_CONVERSION = YES;
				CLANG_WARN_OBJC_LITERAL_CONVERSION = YES;
				CLANG_WARN_OBJC_ROOT_CLASS = YES_ERROR;
				CLANG_WARN_RANGE_LOOP_ANALYSIS = YES;
				CLANG_WARN_STRICT_PROTOTYPES = YES;
				CLANG_WARN_SUSPICIOUS_MOVE = YES;
				CLANG_WARN_UNREACHABLE_CODE = YES;
				CLANG_WARN__DUPLICATE_METHOD_MATCH = YES;
				"CODE_SIGN_IDENTITY[sdk=iphoneos*]" = "iPhone Developer";
				COPY_PHASE_STRIP = NO;
				DEBUG_INFORMATION_FORMAT = "dwarf-with-dsym";
				ENABLE_NS_ASSERTIONS = NO;
				ENABLE_STRICT_OBJC_MSGSEND = YES;
				GCC_C_LANGUAGE_STANDARD = gnu99;
				GCC_NO_COMMON_BLOCKS = YES;
				GCC_WARN_64_TO_32_BIT_CONVERSION = YES;
				GCC_WARN_ABOUT_RETURN_TYPE = YES_ERROR;
				GCC_WARN_UNDECLARED_SELECTOR = YES;
				GCC_WARN_UNINITIALIZED_AUTOS = YES_AGGRESSIVE;
				GCC_WARN_UNUSED_FUNCTION = YES;
				GCC_WARN_UNUSED_VARIABLE = YES;
				IPHONEOS_DEPLOYMENT_TARGET = 10.3;
				MTL_ENABLE_DEBUG_INFO = NO;
				SDKROOT = iphoneos;
				SWIFT_OPTIMIZATION_LEVEL = "-Owholemodule";
				TARGETED_DEVICE_FAMILY = "1,2";
				VALIDATE_PRODUCT = YES;
			};
			name = Release;
		};
		42BEC7AB1EC0DB040042179D /* Debug */ = {
			isa = XCBuildConfiguration;
			buildSettings = {
				ASSETCATALOG_COMPILER_APPICON_NAME = AppIcon;
				CODE_SIGN_IDENTITY = "iPhone Developer";
				"CODE_SIGN_IDENTITY[sdk=iphoneos*]" = "iPhone Developer";
				DEVELOPMENT_TEAM = 3B5FYTC29L;
				INFOPLIST_FILE = Ecotone/Info.plist;
				IPHONEOS_DEPLOYMENT_TARGET = 10.1;
				LD_RUNPATH_SEARCH_PATHS = "$(inherited) @executable_path/Frameworks";
				PRODUCT_BUNDLE_IDENTIFIER = edu.osucascades.Ecotone;
				PRODUCT_NAME = "$(TARGET_NAME)";
				PROVISIONING_PROFILE_SPECIFIER = "";
				SWIFT_SWIFT3_OBJC_INFERENCE = Default;
				SWIFT_VERSION = 4.0;
			};
			name = Debug;
		};
		42BEC7AC1EC0DB040042179D /* Release */ = {
			isa = XCBuildConfiguration;
			buildSettings = {
				ASSETCATALOG_COMPILER_APPICON_NAME = AppIcon;
				CODE_SIGN_IDENTITY = "iPhone Developer";
				"CODE_SIGN_IDENTITY[sdk=iphoneos*]" = "iPhone Developer";
				DEVELOPMENT_TEAM = 3B5FYTC29L;
				INFOPLIST_FILE = Ecotone/Info.plist;
				IPHONEOS_DEPLOYMENT_TARGET = 10.1;
				LD_RUNPATH_SEARCH_PATHS = "$(inherited) @executable_path/Frameworks";
				PRODUCT_BUNDLE_IDENTIFIER = edu.osucascades.Ecotone;
				PRODUCT_NAME = "$(TARGET_NAME)";
				PROVISIONING_PROFILE_SPECIFIER = "";
				SWIFT_SWIFT3_OBJC_INFERENCE = Default;
				SWIFT_VERSION = 4.0;
			};
			name = Release;
		};
		42BEC7AE1EC0DB040042179D /* Debug */ = {
			isa = XCBuildConfiguration;
			buildSettings = {
				ALWAYS_EMBED_SWIFT_STANDARD_LIBRARIES = YES;
				BUNDLE_LOADER = "$(TEST_HOST)";
				INFOPLIST_FILE = EcotoneTests/Info.plist;
				LD_RUNPATH_SEARCH_PATHS = "$(inherited) @executable_path/Frameworks @loader_path/Frameworks";
				PRODUCT_BUNDLE_IDENTIFIER = edu.osucascades.EcotoneTests;
				PRODUCT_NAME = "$(TARGET_NAME)";
				SWIFT_SWIFT3_OBJC_INFERENCE = Default;
				SWIFT_VERSION = 4.0;
				TEST_HOST = "$(BUILT_PRODUCTS_DIR)/Ecotone.app/Ecotone";
			};
			name = Debug;
		};
		42BEC7AF1EC0DB040042179D /* Release */ = {
			isa = XCBuildConfiguration;
			buildSettings = {
				ALWAYS_EMBED_SWIFT_STANDARD_LIBRARIES = YES;
				BUNDLE_LOADER = "$(TEST_HOST)";
				INFOPLIST_FILE = EcotoneTests/Info.plist;
				LD_RUNPATH_SEARCH_PATHS = "$(inherited) @executable_path/Frameworks @loader_path/Frameworks";
				PRODUCT_BUNDLE_IDENTIFIER = edu.osucascades.EcotoneTests;
				PRODUCT_NAME = "$(TARGET_NAME)";
				SWIFT_SWIFT3_OBJC_INFERENCE = Default;
				SWIFT_VERSION = 4.0;
				TEST_HOST = "$(BUILT_PRODUCTS_DIR)/Ecotone.app/Ecotone";
			};
			name = Release;
		};
		42BEC7B11EC0DB040042179D /* Debug */ = {
			isa = XCBuildConfiguration;
			buildSettings = {
				ALWAYS_EMBED_SWIFT_STANDARD_LIBRARIES = YES;
				INFOPLIST_FILE = EcotoneUITests/Info.plist;
				LD_RUNPATH_SEARCH_PATHS = "$(inherited) @executable_path/Frameworks @loader_path/Frameworks";
				PRODUCT_BUNDLE_IDENTIFIER = edu.osucascades.EcotoneUITests;
				PRODUCT_NAME = "$(TARGET_NAME)";
				SWIFT_SWIFT3_OBJC_INFERENCE = Default;
				SWIFT_VERSION = 4.0;
				TEST_TARGET_NAME = Ecotone;
			};
			name = Debug;
		};
		42BEC7B21EC0DB040042179D /* Release */ = {
			isa = XCBuildConfiguration;
			buildSettings = {
				ALWAYS_EMBED_SWIFT_STANDARD_LIBRARIES = YES;
				INFOPLIST_FILE = EcotoneUITests/Info.plist;
				LD_RUNPATH_SEARCH_PATHS = "$(inherited) @executable_path/Frameworks @loader_path/Frameworks";
				PRODUCT_BUNDLE_IDENTIFIER = edu.osucascades.EcotoneUITests;
				PRODUCT_NAME = "$(TARGET_NAME)";
				SWIFT_SWIFT3_OBJC_INFERENCE = Default;
				SWIFT_VERSION = 4.0;
				TEST_TARGET_NAME = Ecotone;
			};
			name = Release;
		};
/* End XCBuildConfiguration section */

/* Begin XCConfigurationList section */
		42BEC77D1EC0DB040042179D /* Build configuration list for PBXProject "Ecotone" */ = {
			isa = XCConfigurationList;
			buildConfigurations = (
				42BEC7A81EC0DB040042179D /* Debug */,
				42BEC7A91EC0DB040042179D /* Release */,
			);
			defaultConfigurationIsVisible = 0;
			defaultConfigurationName = Release;
		};
		42BEC7AA1EC0DB040042179D /* Build configuration list for PBXNativeTarget "Ecotone" */ = {
			isa = XCConfigurationList;
			buildConfigurations = (
				42BEC7AB1EC0DB040042179D /* Debug */,
				42BEC7AC1EC0DB040042179D /* Release */,
			);
			defaultConfigurationIsVisible = 0;
			defaultConfigurationName = Release;
		};
		42BEC7AD1EC0DB040042179D /* Build configuration list for PBXNativeTarget "EcotoneTests" */ = {
			isa = XCConfigurationList;
			buildConfigurations = (
				42BEC7AE1EC0DB040042179D /* Debug */,
				42BEC7AF1EC0DB040042179D /* Release */,
			);
			defaultConfigurationIsVisible = 0;
			defaultConfigurationName = Release;
		};
		42BEC7B01EC0DB040042179D /* Build configuration list for PBXNativeTarget "EcotoneUITests" */ = {
			isa = XCConfigurationList;
			buildConfigurations = (
				42BEC7B11EC0DB040042179D /* Debug */,
				42BEC7B21EC0DB040042179D /* Release */,
			);
			defaultConfigurationIsVisible = 0;
			defaultConfigurationName = Release;
		};
/* End XCConfigurationList section */
	};
	rootObject = 42BEC77A1EC0DB040042179D /* Project object */;
}
